PODS:
  - DGRunkeeperSwitch (1.1.1)
  - PullToMakeFlight (1.1.2):
    - PullToRefresher (~> 1.0)
  - PullToRefresher (1.4.0)
  - ReachabilitySwift (2.3.3)
  - SVProgressHUD (2.0.3)

DEPENDENCIES:
  - DGRunkeeperSwitch
  - PullToMakeFlight
  - ReachabilitySwift (from `https://github.com/ashleymills/Reachability.swift`)
  - SVProgressHUD

EXTERNAL SOURCES:
  ReachabilitySwift:
    :git: https://github.com/ashleymills/Reachability.swift

CHECKOUT OPTIONS:
  ReachabilitySwift:
    :commit: 225f5af85fe2f776c0ab2e5f3d7a25c38fa1532f
    :git: https://github.com/ashleymills/Reachability.swift

SPEC CHECKSUMS:
  DGRunkeeperSwitch: da12f199532a99958a1e87ec0a5af61efdba11ec
  PullToMakeFlight: 5f27f408267aa495e515f1ebeb2b31a6aad7acc8
  PullToRefresher: c4629a459f305c14a66d35f52c2feeaccf85c49e
  ReachabilitySwift: e0f6b6f280effb47731acfaaa2d5ffe223703793
  SVProgressHUD: b0830714205bea1317ea1a2ebc71e5633af334d4

PODFILE CHECKSUM: d25efd915d217567e7b7436da1af33d20d6c5754

COCOAPODS: 1.0.0
